
Microsoft Visual Studio Solution File, Format Version 12.00
# Visual Studio Version 16
VisualStudioVersion = 16.0.29519.87
MinimumVisualStudioVersion = 10.0.40219.1
Project("{FAE04EC0-301F-11D3-BF4B-00C04F79EFBC}") = "Collegiate", "Collegiate\Collegiate.csproj", "{0568B68D-1C67-49C7-B609-EEB5B06F57C3}"
EndProject
Global
	GlobalSection(SolutionConfigurationPlatforms) = preSolution
		Debug|Any CPU = Debug|Any CPU
		Release|Any CPU = Release|Any CPU
	EndGlobalSection
	GlobalSection(ProjectConfigurationPlatforms) = postSolution
		{0568B68D-1C67-49C7-B609-EEB5B06F57C3}.Debug|Any CPU.ActiveCfg = Debug|Any CPU
		{0568B68D-1C67-49C7-B609-EEB5B06F57C3}.Debug|Any CPU.Build.0 = Debug|Any CPU
		{0568B68D-1C67-49C7-B609-EEB5B06F57C3}.Release|Any CPU.ActiveCfg = Release|Any CPU
		{0568B68D-1C67-49C7-B609-EEB5B06F57C3}.Release|Any CPU.Build.0 = Release|Any CPU
	EndGlobalSection
	GlobalSection(SolutionProperties) = preSolution
		HideSolutionNode = FALSE
	EndGlobalSection
	GlobalSection(ExtensibilityGlobals) = postSolution
		SolutionGuid = {D8357A5E-9BCD-456F-BB35-2C4A8BF1FFA6}
	EndGlobalSection
EndGlobal
